<?xml version="1.0" encoding="utf-8"?>
<Project ToolsVersion="4.0" xmlns="http://schemas.microsoft.com/developer/msbuild/2003">
  <ItemGroup>
    <Filter Include="Archivos de origen">
      <UniqueIdentifier>{4FC737F1-C7A5-4376-A066-2A32D752A2FF}</UniqueIdentifier>
      <Extensions>cpp;c;cc;cxx;c++;cppm;ixx;def;odl;idl;hpj;bat;asm;asmx</Extensions>
    </Filter>
    <Filter Include="Archivos de encabezado">
      <UniqueIdentifier>{93995380-89BD-4b04-88EB-625FBE52EBFB}</UniqueIdentifier>
      <Extensions>h;hh;hpp;hxx;h++;hm;inl;inc;ipp;xsd</Extensions>
    </Filter>
    <Filter Include="Archivos de recursos">
      <UniqueIdentifier>{67DA6AB6-F800-4c08-8B7A-83BB121AAD01}</UniqueIdentifier>
      <Extensions>rc;ico;cur;bmp;dlg;rc2;rct;bin;rgs;gif;jpg;jpeg;jpe;resx;tiff;tif;png;wav;mfcribbon-ms</Extensions>
    </Filter>
    <Filter Include="Tramos">
      <UniqueIdentifier>{9f74c779-d549-474f-b8bd-3d1598e79697}</UniqueIdentifier>
    </Filter>
    <Filter Include="Figuras">
      <UniqueIdentifier>{b4a6e2a9-45ab-4b5e-a972-8737eba43128}</UniqueIdentifier>
    </Filter>
    <Filter Include="Shared">
      <UniqueIdentifier>{f89c3cab-4af0-4af5-bdb6-cc348bc56ca5}</UniqueIdentifier>
    </Filter>
  </ItemGroup>
  <ItemGroup>
    <ClCompile Include="VentanaPrincipal.cpp">
      <Filter>Archivos de origen</Filter>
    </ClCompile>
    <ClCompile Include="Carrera.cpp">
      <Filter>Archivos de origen</Filter>
    </ClCompile>
  </ItemGroup>
  <ItemGroup>
    <ClInclude Include="VentanaPrincipal.h">
      <Filter>Archivos de encabezado</Filter>
    </ClInclude>
    <ClInclude Include="Carrera.h">
      <Filter>Archivos de encabezado</Filter>
    </ClInclude>
    <ClInclude Include="Tramos\TramoInterfaz.h">
      <Filter>Tramos</Filter>
    </ClInclude>
    <ClInclude Include="Figuras\Circulo.h">
      <Filter>Figuras</Filter>
    </ClInclude>
    <ClInclude Include="Figuras\Cuadrado.h">
      <Filter>Figuras</Filter>
    </ClInclude>
    <ClInclude Include="Figuras\Figura.h">
      <Filter>Figuras</Filter>
    </ClInclude>
    <ClInclude Include="Figuras\Triangulo.h">
      <Filter>Figuras</Filter>
    </ClInclude>
    <ClInclude Include="Tramos\Tramo1.h">
      <Filter>Tramos</Filter>
    </ClInclude>
    <ClInclude Include="Figuras\Jugador.h">
      <Filter>Figuras</Filter>
    </ClInclude>
    <ClInclude Include="shared\ColisionArgs.h">
      <Filter>Shared</Filter>
    </ClInclude>
    <ClInclude Include="Tramo3.h">
      <Filter>Tramos</Filter>
    </ClInclude>
    <ClInclude Include="Tramos\Tramo2.h">
      <Filter>Tramos</Filter>
    </ClInclude>
  </ItemGroup>
</Project>